
Microsoft Visual Studio Solution File, Format Version 12.00
# Visual Studio 14
VisualStudioVersion = 14.0.22512.0
MinimumVisualStudioVersion = 10.0.40219.1
Project("{FAE04EC0-301F-11D3-BF4B-00C04F79EFBC}") = "Web", "src\Web\Web.csproj", "{5623D5A6-938D-4E24-BB83-1263EFC06A58}"
EndProject
Project("{FAE04EC0-301F-11D3-BF4B-00C04F79EFBC}") = "DbMigrations", "src\DbMigrations\DbMigrations.csproj", "{E09166D7-F356-44A6-A540-D88B7CF68AD8}"
EndProject
Project("{FAE04EC0-301F-11D3-BF4B-00C04F79EFBC}") = "Core", "src\Core\Core.csproj", "{169AB275-721F-49B8-97FE-35D07DA1B6C9}"
EndProject
Project("{FAE04EC0-301F-11D3-BF4B-00C04F79EFBC}") = "Tests", "tests\Tests\Tests.csproj", "{F672502B-5D9C-4BDF-B7C6-93BB98FD5215}"
EndProject
Project("{FAE04EC0-301F-11D3-BF4B-00C04F79EFBC}") = "CoreXml", "src\CoreXml\CoreXml.csproj", "{29C982E3-06E3-4B8F-8F58-E07E3E1AD8E3}"
EndProject
Project("{FAE04EC0-301F-11D3-BF4B-00C04F79EFBC}") = "CoreClassMap", "src\CoreClassMap\CoreClassMap.csproj", "{00847F42-15F0-4B61-AA39-B4DE16416753}"
EndProject
Project("{FAE04EC0-301F-11D3-BF4B-00C04F79EFBC}") = "ClassMapTests", "tests\ClassMapTests\ClassMapTests.csproj", "{4A01447F-055B-43CF-8B50-9BC43F468A77}"
EndProject
Project("{2150E333-8FDC-42A3-9474-1A3956D46DE8}") = "src", "src", "{9661488D-EA74-4182-9BF8-403EBF3E6E3A}"
EndProject
Project("{2150E333-8FDC-42A3-9474-1A3956D46DE8}") = "tests", "tests", "{67811108-A65A-44B4-B860-CFA9F77A5E4C}"
EndProject
Project("{2150E333-8FDC-42A3-9474-1A3956D46DE8}") = "web", "web", "{E0E1DD17-DCF0-4B4F-AD6B-CFFB1B19D705}"
EndProject
Project("{2150E333-8FDC-42A3-9474-1A3956D46DE8}") = "migrations", "migrations", "{D3C73C86-58D5-48FB-8D0A-08B42BC6F8F7}"
EndProject
Project("{FAE04EC0-301F-11D3-BF4B-00C04F79EFBC}") = "CoreXmlTests", "tests\CoreXmlTests\CoreXmlTests.csproj", "{0FD2AC3F-955B-4C61-97EC-1F2AE874E0A6}"
EndProject
Project("{F2A71F9B-5D33-465A-A702-920D77279786}") = "CoreFs", "src\CoreFs\CoreFs.fsproj", "{5D4C698A-625F-47DF-A3E2-84BE7947C685}"
EndProject
Project("{F2A71F9B-5D33-465A-A702-920D77279786}") = "CoreFsTests", "tests\CoreFsTests\CoreFsTests.fsproj", "{D7052422-D8CB-4F1F-906B-478A550841B1}"
EndProject
Global
	GlobalSection(SolutionConfigurationPlatforms) = preSolution
		Debug|Any CPU = Debug|Any CPU
		Release|Any CPU = Release|Any CPU
	EndGlobalSection
	GlobalSection(ProjectConfigurationPlatforms) = postSolution
		{5623D5A6-938D-4E24-BB83-1263EFC06A58}.Debug|Any CPU.ActiveCfg = Debug|Any CPU
		{5623D5A6-938D-4E24-BB83-1263EFC06A58}.Debug|Any CPU.Build.0 = Debug|Any CPU
		{5623D5A6-938D-4E24-BB83-1263EFC06A58}.Release|Any CPU.ActiveCfg = Release|Any CPU
		{5623D5A6-938D-4E24-BB83-1263EFC06A58}.Release|Any CPU.Build.0 = Release|Any CPU
		{E09166D7-F356-44A6-A540-D88B7CF68AD8}.Debug|Any CPU.ActiveCfg = Debug|Any CPU
		{E09166D7-F356-44A6-A540-D88B7CF68AD8}.Debug|Any CPU.Build.0 = Debug|Any CPU
		{E09166D7-F356-44A6-A540-D88B7CF68AD8}.Release|Any CPU.ActiveCfg = Release|Any CPU
		{E09166D7-F356-44A6-A540-D88B7CF68AD8}.Release|Any CPU.Build.0 = Release|Any CPU
		{169AB275-721F-49B8-97FE-35D07DA1B6C9}.Debug|Any CPU.ActiveCfg = Debug|Any CPU
		{169AB275-721F-49B8-97FE-35D07DA1B6C9}.Debug|Any CPU.Build.0 = Debug|Any CPU
		{169AB275-721F-49B8-97FE-35D07DA1B6C9}.Release|Any CPU.ActiveCfg = Release|Any CPU
		{169AB275-721F-49B8-97FE-35D07DA1B6C9}.Release|Any CPU.Build.0 = Release|Any CPU
		{F672502B-5D9C-4BDF-B7C6-93BB98FD5215}.Debug|Any CPU.ActiveCfg = Debug|Any CPU
		{F672502B-5D9C-4BDF-B7C6-93BB98FD5215}.Debug|Any CPU.Build.0 = Debug|Any CPU
		{F672502B-5D9C-4BDF-B7C6-93BB98FD5215}.Release|Any CPU.ActiveCfg = Release|Any CPU
		{F672502B-5D9C-4BDF-B7C6-93BB98FD5215}.Release|Any CPU.Build.0 = Release|Any CPU
		{29C982E3-06E3-4B8F-8F58-E07E3E1AD8E3}.Debug|Any CPU.ActiveCfg = Debug|Any CPU
		{29C982E3-06E3-4B8F-8F58-E07E3E1AD8E3}.Debug|Any CPU.Build.0 = Debug|Any CPU
		{29C982E3-06E3-4B8F-8F58-E07E3E1AD8E3}.Release|Any CPU.ActiveCfg = Release|Any CPU
		{29C982E3-06E3-4B8F-8F58-E07E3E1AD8E3}.Release|Any CPU.Build.0 = Release|Any CPU
		{00847F42-15F0-4B61-AA39-B4DE16416753}.Debug|Any CPU.ActiveCfg = Debug|Any CPU
		{00847F42-15F0-4B61-AA39-B4DE16416753}.Debug|Any CPU.Build.0 = Debug|Any CPU
		{00847F42-15F0-4B61-AA39-B4DE16416753}.Release|Any CPU.ActiveCfg = Release|Any CPU
		{00847F42-15F0-4B61-AA39-B4DE16416753}.Release|Any CPU.Build.0 = Release|Any CPU
		{4A01447F-055B-43CF-8B50-9BC43F468A77}.Debug|Any CPU.ActiveCfg = Debug|Any CPU
		{4A01447F-055B-43CF-8B50-9BC43F468A77}.Debug|Any CPU.Build.0 = Debug|Any CPU
		{4A01447F-055B-43CF-8B50-9BC43F468A77}.Release|Any CPU.ActiveCfg = Release|Any CPU
		{4A01447F-055B-43CF-8B50-9BC43F468A77}.Release|Any CPU.Build.0 = Release|Any CPU
		{0FD2AC3F-955B-4C61-97EC-1F2AE874E0A6}.Debug|Any CPU.ActiveCfg = Debug|Any CPU
		{0FD2AC3F-955B-4C61-97EC-1F2AE874E0A6}.Debug|Any CPU.Build.0 = Debug|Any CPU
		{0FD2AC3F-955B-4C61-97EC-1F2AE874E0A6}.Release|Any CPU.ActiveCfg = Release|Any CPU
		{0FD2AC3F-955B-4C61-97EC-1F2AE874E0A6}.Release|Any CPU.Build.0 = Release|Any CPU
		{5D4C698A-625F-47DF-A3E2-84BE7947C685}.Debug|Any CPU.ActiveCfg = Debug|Any CPU
		{5D4C698A-625F-47DF-A3E2-84BE7947C685}.Debug|Any CPU.Build.0 = Debug|Any CPU
		{5D4C698A-625F-47DF-A3E2-84BE7947C685}.Release|Any CPU.ActiveCfg = Release|Any CPU
		{5D4C698A-625F-47DF-A3E2-84BE7947C685}.Release|Any CPU.Build.0 = Release|Any CPU
		{D7052422-D8CB-4F1F-906B-478A550841B1}.Debug|Any CPU.ActiveCfg = Debug|Any CPU
		{D7052422-D8CB-4F1F-906B-478A550841B1}.Debug|Any CPU.Build.0 = Debug|Any CPU
		{D7052422-D8CB-4F1F-906B-478A550841B1}.Release|Any CPU.ActiveCfg = Release|Any CPU
		{D7052422-D8CB-4F1F-906B-478A550841B1}.Release|Any CPU.Build.0 = Release|Any CPU
	EndGlobalSection
	GlobalSection(SolutionProperties) = preSolution
		HideSolutionNode = FALSE
	EndGlobalSection
	GlobalSection(ExtensibilityGlobals) = postSolution
		EnterpriseLibraryConfigurationToolBinariesPath = packages\Unity.2.1.505.2\lib\NET35
	EndGlobalSection
	GlobalSection(NestedProjects) = preSolution
		{4A01447F-055B-43CF-8B50-9BC43F468A77} = {67811108-A65A-44B4-B860-CFA9F77A5E4C}
		{169AB275-721F-49B8-97FE-35D07DA1B6C9} = {9661488D-EA74-4182-9BF8-403EBF3E6E3A}
		{00847F42-15F0-4B61-AA39-B4DE16416753} = {9661488D-EA74-4182-9BF8-403EBF3E6E3A}
		{29C982E3-06E3-4B8F-8F58-E07E3E1AD8E3} = {9661488D-EA74-4182-9BF8-403EBF3E6E3A}
		{F672502B-5D9C-4BDF-B7C6-93BB98FD5215} = {67811108-A65A-44B4-B860-CFA9F77A5E4C}
		{5623D5A6-938D-4E24-BB83-1263EFC06A58} = {E0E1DD17-DCF0-4B4F-AD6B-CFFB1B19D705}
		{E09166D7-F356-44A6-A540-D88B7CF68AD8} = {D3C73C86-58D5-48FB-8D0A-08B42BC6F8F7}
		{0FD2AC3F-955B-4C61-97EC-1F2AE874E0A6} = {67811108-A65A-44B4-B860-CFA9F77A5E4C}
		{5D4C698A-625F-47DF-A3E2-84BE7947C685} = {9661488D-EA74-4182-9BF8-403EBF3E6E3A}
		{D7052422-D8CB-4F1F-906B-478A550841B1} = {67811108-A65A-44B4-B860-CFA9F77A5E4C}
	EndGlobalSection
EndGlobal
